
Microsoft Visual Studio Solution File, Format Version 12.00
# Visual Studio 2012
Project("{FAE04EC0-301F-11D3-BF4B-00C04F79EFBC}") = "PivotViewerDemo", "PivotViewerDemo\PivotViewerDemo.csproj", "{5F09815A-D0F5-4890-B081-21D4628D67F9}"
EndProject
Project("{FAE04EC0-301F-11D3-BF4B-00C04F79EFBC}") = "PivotViewerDemo.Web", "PivotViewerDemo.Web\PivotViewerDemo.Web.csproj", "{44D1D50B-FDB0-4AD5-8776-0B2C73D54A30}"
EndProject
Global
	GlobalSection(SolutionConfigurationPlatforms) = preSolution
		Debug|Any CPU = Debug|Any CPU
		Release|Any CPU = Release|Any CPU
	EndGlobalSection
	GlobalSection(ProjectConfigurationPlatforms) = postSolution
		{5F09815A-D0F5-4890-B081-21D4628D67F9}.Debug|Any CPU.ActiveCfg = Debug|Any CPU
		{5F09815A-D0F5-4890-B081-21D4628D67F9}.Debug|Any CPU.Build.0 = Debug|Any CPU
		{5F09815A-D0F5-4890-B081-21D4628D67F9}.Release|Any CPU.ActiveCfg = Release|Any CPU
		{5F09815A-D0F5-4890-B081-21D4628D67F9}.Release|Any CPU.Build.0 = Release|Any CPU
		{44D1D50B-FDB0-4AD5-8776-0B2C73D54A30}.Debug|Any CPU.ActiveCfg = Debug|Any CPU
		{44D1D50B-FDB0-4AD5-8776-0B2C73D54A30}.Debug|Any CPU.Build.0 = Debug|Any CPU
		{44D1D50B-FDB0-4AD5-8776-0B2C73D54A30}.Release|Any CPU.ActiveCfg = Release|Any CPU
		{44D1D50B-FDB0-4AD5-8776-0B2C73D54A30}.Release|Any CPU.Build.0 = Release|Any CPU
	EndGlobalSection
	GlobalSection(SolutionProperties) = preSolution
		HideSolutionNode = FALSE
	EndGlobalSection
EndGlobal
